// !$*UTF8*$!
{
	archiveVersion = 1;
	classes = {
	};
	objectVersion = 50;
	objects = {

/* Begin PBXBuildFile section */
		3E10764B2444ECC1005F5A44 /* PersonalDataVC.swift in Sources */ = {isa = PBXBuildFile; fileRef = 3E10764A2444ECC1005F5A44 /* PersonalDataVC.swift */; };
		3EABBE5E24434AE900466AA5 /* TextFieldVC.swift in Sources */ = {isa = PBXBuildFile; fileRef = 3EABBE5D24434AE900466AA5 /* TextFieldVC.swift */; };
		3EABBE6024434B0D00466AA5 /* CaloriesPopUpVC.swift in Sources */ = {isa = PBXBuildFile; fileRef = 3EABBE5F24434B0D00466AA5 /* CaloriesPopUpVC.swift */; };
		3EABBE6324434B3300466AA5 /* CategoryMealVC.swift in Sources */ = {isa = PBXBuildFile; fileRef = 3EABBE6224434B3300466AA5 /* CategoryMealVC.swift */; };
		3EABBE6524434B7D00466AA5 /* BreakfastViewController.swift in Sources */ = {isa = PBXBuildFile; fileRef = 3EABBE6424434B7D00466AA5 /* BreakfastViewController.swift */; };
		3EABBE6724434BC200466AA5 /* BreakfastCollectionViewCell.swift in Sources */ = {isa = PBXBuildFile; fileRef = 3EABBE6624434BC200466AA5 /* BreakfastCollectionViewCell.swift */; };
		3EABBE6924434BF100466AA5 /* Category.swift in Sources */ = {isa = PBXBuildFile; fileRef = 3EABBE6824434BF100466AA5 /* Category.swift */; };
		3EABBE6B24434C1000466AA5 /* MainPage.storyboard in Resources */ = {isa = PBXBuildFile; fileRef = 3EABBE6A24434C1000466AA5 /* MainPage.storyboard */; };
		3EABBE6D2444A2B800466AA5 /* MenuDetailsCopyVC.swift in Sources */ = {isa = PBXBuildFile; fileRef = 3EABBE6C2444A2B800466AA5 /* MenuDetailsCopyVC.swift */; };
		3EABBE732444DE9100466AA5 /* Gaegu-Light.ttf in Resources */ = {isa = PBXBuildFile; fileRef = 3EABBE722444DE9100466AA5 /* Gaegu-Light.ttf */; };
		3EABBE752444E52E00466AA5 /* PersonalData.storyboard in Resources */ = {isa = PBXBuildFile; fileRef = 3EABBE742444E52E00466AA5 /* PersonalData.storyboard */; };
		3EABBE782444E5D700466AA5 /* ActivityVC.swift in Sources */ = {isa = PBXBuildFile; fileRef = 3EABBE772444E5D700466AA5 /* ActivityVC.swift */; };
		3EABBE7C2444E61F00466AA5 /* AllergiesVC.swift in Sources */ = {isa = PBXBuildFile; fileRef = 3EABBE7B2444E61F00466AA5 /* AllergiesVC.swift */; };
		3EABBE7E2444E7D500466AA5 /* ActivitiesTableViewCell.swift in Sources */ = {isa = PBXBuildFile; fileRef = 3EABBE7D2444E7D500466AA5 /* ActivitiesTableViewCell.swift */; };
		CAA6DEE12442047E009531C6 /* PageViewController.swift in Sources */ = {isa = PBXBuildFile; fileRef = CAA6DEE02442047E009531C6 /* PageViewController.swift */; };
		E62DED24244091890034D701 /* AppDelegate.swift in Sources */ = {isa = PBXBuildFile; fileRef = E62DED23244091890034D701 /* AppDelegate.swift */; };
		E62DED26244091890034D701 /* SceneDelegate.swift in Sources */ = {isa = PBXBuildFile; fileRef = E62DED25244091890034D701 /* SceneDelegate.swift */; };
		E62DED28244091890034D701 /* ViewController.swift in Sources */ = {isa = PBXBuildFile; fileRef = E62DED27244091890034D701 /* ViewController.swift */; };
		E62DED2B244091890034D701 /* Main.storyboard in Resources */ = {isa = PBXBuildFile; fileRef = E62DED29244091890034D701 /* Main.storyboard */; };
		E62DED2D244091890034D701 /* Assets.xcassets in Resources */ = {isa = PBXBuildFile; fileRef = E62DED2C244091890034D701 /* Assets.xcassets */; };
		E62DED30244091890034D701 /* LaunchScreen.storyboard in Resources */ = {isa = PBXBuildFile; fileRef = E62DED2E244091890034D701 /* LaunchScreen.storyboard */; };
		E64B7DD8244411B50052C0DF /* MenuDetailsVC.swift in Sources */ = {isa = PBXBuildFile; fileRef = E64B7DD2244411B50052C0DF /* MenuDetailsVC.swift */; };
		E64B7DDE24441D360052C0DF /* ProfilePage.storyboard in Resources */ = {isa = PBXBuildFile; fileRef = E64B7DDD24441D360052C0DF /* ProfilePage.storyboard */; };
		E64B7DE024441DE40052C0DF /* ProfilePageVC.swift in Sources */ = {isa = PBXBuildFile; fileRef = E64B7DDF24441DE40052C0DF /* ProfilePageVC.swift */; };
		E64B7DE2244424150052C0DF /* EditProfileVC.swift in Sources */ = {isa = PBXBuildFile; fileRef = E64B7DE1244424150052C0DF /* EditProfileVC.swift */; };
		E64B7DE42444F32B0052C0DF /* MenuDetailsCopy2VC.swift in Sources */ = {isa = PBXBuildFile; fileRef = E64B7DE32444F32B0052C0DF /* MenuDetailsCopy2VC.swift */; };
/* End PBXBuildFile section */

/* Begin PBXFileReference section */
		3E10764A2444ECC1005F5A44 /* PersonalDataVC.swift */ = {isa = PBXFileReference; lastKnownFileType = sourcecode.swift; path = PersonalDataVC.swift; sourceTree = "<group>"; };
		3EABBE5D24434AE900466AA5 /* TextFieldVC.swift */ = {isa = PBXFileReference; lastKnownFileType = sourcecode.swift; path = TextFieldVC.swift; sourceTree = "<group>"; };
		3EABBE5F24434B0D00466AA5 /* CaloriesPopUpVC.swift */ = {isa = PBXFileReference; lastKnownFileType = sourcecode.swift; path = CaloriesPopUpVC.swift; sourceTree = "<group>"; };
		3EABBE6224434B3300466AA5 /* CategoryMealVC.swift */ = {isa = PBXFileReference; lastKnownFileType = sourcecode.swift; path = CategoryMealVC.swift; sourceTree = "<group>"; };
		3EABBE6424434B7D00466AA5 /* BreakfastViewController.swift */ = {isa = PBXFileReference; lastKnownFileType = sourcecode.swift; path = BreakfastViewController.swift; sourceTree = "<group>"; };
		3EABBE6624434BC200466AA5 /* BreakfastCollectionViewCell.swift */ = {isa = PBXFileReference; lastKnownFileType = sourcecode.swift; path = BreakfastCollectionViewCell.swift; sourceTree = "<group>"; };
		3EABBE6824434BF100466AA5 /* Category.swift */ = {isa = PBXFileReference; lastKnownFileType = sourcecode.swift; path = Category.swift; sourceTree = "<group>"; };
		3EABBE6A24434C1000466AA5 /* MainPage.storyboard */ = {isa = PBXFileReference; lastKnownFileType = file.storyboard; path = MainPage.storyboard; sourceTree = "<group>"; };
		3EABBE6C2444A2B800466AA5 /* MenuDetailsCopyVC.swift */ = {isa = PBXFileReference; lastKnownFileType = sourcecode.swift; path = MenuDetailsCopyVC.swift; sourceTree = "<group>"; };
		3EABBE722444DE9100466AA5 /* Gaegu-Light.ttf */ = {isa = PBXFileReference; lastKnownFileType = file; path = "Gaegu-Light.ttf"; sourceTree = "<group>"; };
		3EABBE742444E52E00466AA5 /* PersonalData.storyboard */ = {isa = PBXFileReference; lastKnownFileType = file.storyboard; path = PersonalData.storyboard; sourceTree = "<group>"; };
		3EABBE772444E5D700466AA5 /* ActivityVC.swift */ = {isa = PBXFileReference; lastKnownFileType = sourcecode.swift; path = ActivityVC.swift; sourceTree = "<group>"; };
		3EABBE7B2444E61F00466AA5 /* AllergiesVC.swift */ = {isa = PBXFileReference; lastKnownFileType = sourcecode.swift; path = AllergiesVC.swift; sourceTree = "<group>"; };
		3EABBE7D2444E7D500466AA5 /* ActivitiesTableViewCell.swift */ = {isa = PBXFileReference; lastKnownFileType = sourcecode.swift; path = ActivitiesTableViewCell.swift; sourceTree = "<group>"; };
		CAA6DEE02442047E009531C6 /* PageViewController.swift */ = {isa = PBXFileReference; lastKnownFileType = sourcecode.swift; path = PageViewController.swift; sourceTree = "<group>"; };
		E62DED20244091890034D701 /* Arsa MC1.app */ = {isa = PBXFileReference; explicitFileType = wrapper.application; includeInIndex = 0; path = "Arsa MC1.app"; sourceTree = BUILT_PRODUCTS_DIR; };
		E62DED23244091890034D701 /* AppDelegate.swift */ = {isa = PBXFileReference; lastKnownFileType = sourcecode.swift; path = AppDelegate.swift; sourceTree = "<group>"; };
		E62DED25244091890034D701 /* SceneDelegate.swift */ = {isa = PBXFileReference; lastKnownFileType = sourcecode.swift; path = SceneDelegate.swift; sourceTree = "<group>"; };
		E62DED27244091890034D701 /* ViewController.swift */ = {isa = PBXFileReference; lastKnownFileType = sourcecode.swift; path = ViewController.swift; sourceTree = "<group>"; };
		E62DED2A244091890034D701 /* Base */ = {isa = PBXFileReference; lastKnownFileType = file.storyboard; name = Base; path = Base.lproj/Main.storyboard; sourceTree = "<group>"; };
		E62DED2C244091890034D701 /* Assets.xcassets */ = {isa = PBXFileReference; lastKnownFileType = folder.assetcatalog; path = Assets.xcassets; sourceTree = "<group>"; };
		E62DED2F244091890034D701 /* Base */ = {isa = PBXFileReference; lastKnownFileType = file.storyboard; name = Base; path = Base.lproj/LaunchScreen.storyboard; sourceTree = "<group>"; };
		E62DED31244091890034D701 /* Info.plist */ = {isa = PBXFileReference; lastKnownFileType = text.plist.xml; path = Info.plist; sourceTree = "<group>"; };
		E64B7DD2244411B50052C0DF /* MenuDetailsVC.swift */ = {isa = PBXFileReference; lastKnownFileType = sourcecode.swift; path = MenuDetailsVC.swift; sourceTree = "<group>"; };
		E64B7DD6244411B50052C0DF /* Base */ = {isa = PBXFileReference; lastKnownFileType = file.storyboard; name = Base; path = Base.lproj/MenuDetailsVC.storyboard; sourceTree = "<group>"; };
		E64B7DD7244411B50052C0DF /* MenuDetailsVC.storyboard */ = {isa = PBXFileReference; lastKnownFileType = file.storyboard; path = MenuDetailsVC.storyboard; sourceTree = "<group>"; };
		E64B7DDD24441D360052C0DF /* ProfilePage.storyboard */ = {isa = PBXFileReference; lastKnownFileType = file.storyboard; path = ProfilePage.storyboard; sourceTree = "<group>"; };
		E64B7DDF24441DE40052C0DF /* ProfilePageVC.swift */ = {isa = PBXFileReference; lastKnownFileType = sourcecode.swift; path = ProfilePageVC.swift; sourceTree = "<group>"; };
		E64B7DE1244424150052C0DF /* EditProfileVC.swift */ = {isa = PBXFileReference; lastKnownFileType = sourcecode.swift; path = EditProfileVC.swift; sourceTree = "<group>"; };
		E64B7DE32444F32B0052C0DF /* MenuDetailsCopy2VC.swift */ = {isa = PBXFileReference; lastKnownFileType = sourcecode.swift; path = MenuDetailsCopy2VC.swift; sourceTree = "<group>"; };
/* End PBXFileReference section */

/* Begin PBXFrameworksBuildPhase section */
		E62DED1D244091890034D701 /* Frameworks */ = {
			isa = PBXFrameworksBuildPhase;
			buildActionMask = 2147483647;
			files = (
			);
			runOnlyForDeploymentPostprocessing = 0;
		};
/* End PBXFrameworksBuildPhase section */

/* Begin PBXGroup section */
		3EABBE5C24434A4400466AA5 /* Main Page */ = {
			isa = PBXGroup;
			children = (
				3EABBE6824434BF100466AA5 /* Category.swift */,
				3EABBE5D24434AE900466AA5 /* TextFieldVC.swift */,
				3EABBE5F24434B0D00466AA5 /* CaloriesPopUpVC.swift */,
				3EABBE6224434B3300466AA5 /* CategoryMealVC.swift */,
				3EABBE6424434B7D00466AA5 /* BreakfastViewController.swift */,
				3EABBE6C2444A2B800466AA5 /* MenuDetailsCopyVC.swift */,
				3EABBE6624434BC200466AA5 /* BreakfastCollectionViewCell.swift */,
				3EABBE6A24434C1000466AA5 /* MainPage.storyboard */,
				E64B7DD3244411B50052C0DF /* Menu Details */,
				E64B7DD7244411B50052C0DF /* MenuDetailsVC.storyboard */,
				E64B7DD2244411B50052C0DF /* MenuDetailsVC.swift */,
				E64B7DD9244412A50052C0DF /* Profile and Edit Profile Page */,
			);
			path = "Main Page";
			sourceTree = "<group>";
		};
		3EABBE762444E53E00466AA5 /* PersonalData */ = {
			isa = PBXGroup;
			children = (
				3EABBE742444E52E00466AA5 /* PersonalData.storyboard */,
				3EABBE7D2444E7D500466AA5 /* ActivitiesTableViewCell.swift */,
				3E10764A2444ECC1005F5A44 /* PersonalDataVC.swift */,
				3EABBE772444E5D700466AA5 /* ActivityVC.swift */,
				3EABBE7B2444E61F00466AA5 /* AllergiesVC.swift */,
			);
			path = PersonalData;
			sourceTree = "<group>";
		};
		E62DED17244091890034D701 = {
			isa = PBXGroup;
			children = (
				E62DED22244091890034D701 /* Arsa MC1 */,
				E62DED21244091890034D701 /* Products */,
			);
			sourceTree = "<group>";
		};
		E62DED21244091890034D701 /* Products */ = {
			isa = PBXGroup;
			children = (
				E62DED20244091890034D701 /* Arsa MC1.app */,
			);
			name = Products;
			sourceTree = "<group>";
		};
		E62DED22244091890034D701 /* Arsa MC1 */ = {
			isa = PBXGroup;
			children = (
				E62DED23244091890034D701 /* AppDelegate.swift */,
				E62DED25244091890034D701 /* SceneDelegate.swift */,
				E62DED27244091890034D701 /* ViewController.swift */,
				E62DED29244091890034D701 /* Main.storyboard */,
				E62DED2C244091890034D701 /* Assets.xcassets */,
				E62DED2E244091890034D701 /* LaunchScreen.storyboard */,
				E62DED31244091890034D701 /* Info.plist */,
				CAA6DEE02442047E009531C6 /* PageViewController.swift */,
				3EABBE5C24434A4400466AA5 /* Main Page */,
			);
			path = "Arsa MC1";
			sourceTree = "<group>";
		};
		E64B7DD3244411B50052C0DF /* Menu Details */ = {
			isa = PBXGroup;
			children = (
				E64B7DD4244411B50052C0DF /* MC1 */,
			);
			name = "Menu Details";
			path = "../../../../MC1/Menu Details";
			sourceTree = "<group>";
		};
		E64B7DD4244411B50052C0DF /* MC1 */ = {
			isa = PBXGroup;
			children = (
				E64B7DD5244411B50052C0DF /* MenuDetailsVC.storyboard */,
			);
			path = MC1;
			sourceTree = "<group>";
		};
		E64B7DD9244412A50052C0DF /* Profile and Edit Profile Page */ = {
			isa = PBXGroup;
			children = (
				E64B7DDD24441D360052C0DF /* ProfilePage.storyboard */,
				E64B7DE32444F32B0052C0DF /* MenuDetailsCopy2VC.swift */,
				E64B7DE1244424150052C0DF /* EditProfileVC.swift */,
				E64B7DDF24441DE40052C0DF /* ProfilePageVC.swift */,
				3EABBE722444DE9100466AA5 /* Gaegu-Light.ttf */,
				3EABBE762444E53E00466AA5 /* PersonalData */,
			);
			path = "Profile and Edit Profile Page";
			sourceTree = "<group>";
		};
/* End PBXGroup section */

/* Begin PBXNativeTarget section */
		E62DED1F244091890034D701 /* Arsa MC1 */ = {
			isa = PBXNativeTarget;
			buildConfigurationList = E62DED34244091890034D701 /* Build configuration list for PBXNativeTarget "Arsa MC1" */;
			buildPhases = (
				E62DED1C244091890034D701 /* Sources */,
				E62DED1D244091890034D701 /* Frameworks */,
				E62DED1E244091890034D701 /* Resources */,
			);
			buildRules = (
			);
			dependencies = (
			);
			name = "Arsa MC1";
			productName = "Arsa MC1";
			productReference = E62DED20244091890034D701 /* Arsa MC1.app */;
			productType = "com.apple.product-type.application";
		};
/* End PBXNativeTarget section */

/* Begin PBXProject section */
		E62DED18244091890034D701 /* Project object */ = {
			isa = PBXProject;
			attributes = {
				LastSwiftUpdateCheck = 1140;
				LastUpgradeCheck = 1140;
				ORGANIZATIONNAME = "Feidora Nadia Putri";
				TargetAttributes = {
					E62DED1F244091890034D701 = {
						CreatedOnToolsVersion = 11.4;
					};
				};
			};
			buildConfigurationList = E62DED1B244091890034D701 /* Build configuration list for PBXProject "Arsa MC1" */;
			compatibilityVersion = "Xcode 9.3";
			developmentRegion = en;
			hasScannedForEncodings = 0;
			knownRegions = (
				en,
				Base,
			);
			mainGroup = E62DED17244091890034D701;
			productRefGroup = E62DED21244091890034D701 /* Products */;
			projectDirPath = "";
			projectRoot = "";
			targets = (
				E62DED1F244091890034D701 /* Arsa MC1 */,
			);
		};
/* End PBXProject section */

/* Begin PBXResourcesBuildPhase section */
		E62DED1E244091890034D701 /* Resources */ = {
			isa = PBXResourcesBuildPhase;
			buildActionMask = 2147483647;
			files = (
				3EABBE6B24434C1000466AA5 /* MainPage.storyboard in Resources */,
				E62DED30244091890034D701 /* LaunchScreen.storyboard in Resources */,
				E62DED2D244091890034D701 /* Assets.xcassets in Resources */,
				3EABBE732444DE9100466AA5 /* Gaegu-Light.ttf in Resources */,
				E64B7DDE24441D360052C0DF /* ProfilePage.storyboard in Resources */,
				3EABBE752444E52E00466AA5 /* PersonalData.storyboard in Resources */,
				E62DED2B244091890034D701 /* Main.storyboard in Resources */,
			);
			runOnlyForDeploymentPostprocessing = 0;
		};
/* End PBXResourcesBuildPhase section */

/* Begin PBXSourcesBuildPhase section */
		E62DED1C244091890034D701 /* Sources */ = {
			isa = PBXSourcesBuildPhase;
			buildActionMask = 2147483647;
			files = (
				3E10764B2444ECC1005F5A44 /* PersonalDataVC.swift in Sources */,
				E62DED28244091890034D701 /* ViewController.swift in Sources */,
				3EABBE6924434BF100466AA5 /* Category.swift in Sources */,
				E62DED24244091890034D701 /* AppDelegate.swift in Sources */,
				3EABBE7C2444E61F00466AA5 /* AllergiesVC.swift in Sources */,
				3EABBE6724434BC200466AA5 /* BreakfastCollectionViewCell.swift in Sources */,
				3EABBE6524434B7D00466AA5 /* BreakfastViewController.swift in Sources */,
				3EABBE6324434B3300466AA5 /* CategoryMealVC.swift in Sources */,
				3EABBE782444E5D700466AA5 /* ActivityVC.swift in Sources */,
				3EABBE5E24434AE900466AA5 /* TextFieldVC.swift in Sources */,
				3EABBE6024434B0D00466AA5 /* CaloriesPopUpVC.swift in Sources */,
				E64B7DD8244411B50052C0DF /* MenuDetailsVC.swift in Sources */,
				E64B7DE42444F32B0052C0DF /* MenuDetailsCopy2VC.swift in Sources */,
				3EABBE6D2444A2B800466AA5 /* MenuDetailsCopyVC.swift in Sources */,
				E64B7DE024441DE40052C0DF /* ProfilePageVC.swift in Sources */,
				E62DED26244091890034D701 /* SceneDelegate.swift in Sources */,
				CAA6DEE12442047E009531C6 /* PageViewController.swift in Sources */,
				3EABBE7E2444E7D500466AA5 /* ActivitiesTableViewCell.swift in Sources */,
				E64B7DE2244424150052C0DF /* EditProfileVC.swift in Sources */,
			);
			runOnlyForDeploymentPostprocessing = 0;
		};
/* End PBXSourcesBuildPhase section */

/* Begin PBXVariantGroup section */
		E62DED29244091890034D701 /* Main.storyboard */ = {
			isa = PBXVariantGroup;
			children = (
				E62DED2A244091890034D701 /* Base */,
			);
			name = Main.storyboard;
			sourceTree = "<group>";
		};
		E62DED2E244091890034D701 /* LaunchScreen.storyboard */ = {
			isa = PBXVariantGroup;
			children = (
				E62DED2F244091890034D701 /* Base */,
			);
			name = LaunchScreen.storyboard;
			sourceTree = "<group>";
		};
		E64B7DD5244411B50052C0DF /* MenuDetailsVC.storyboard */ = {
			isa = PBXVariantGroup;
			children = (
				E64B7DD6244411B50052C0DF /* Base */,
			);
			name = MenuDetailsVC.storyboard;
			sourceTree = "<group>";
		};
/* End PBXVariantGroup section */

/* Begin XCBuildConfiguration section */
		E62DED32244091890034D701 /* Debug */ = {
			isa = XCBuildConfiguration;
			buildSettings = {
				ALWAYS_SEARCH_USER_PATHS = NO;
				CLANG_ANALYZER_NONNULL = YES;
				CLANG_ANALYZER_NUMBER_OBJECT_CONVERSION = YES_AGGRESSIVE;
				CLANG_CXX_LANGUAGE_STANDARD = "gnu++14";
				CLANG_CXX_LIBRARY = "libc++";
				CLANG_ENABLE_MODULES = YES;
				CLANG_ENABLE_OBJC_ARC = YES;
				CLANG_ENABLE_OBJC_WEAK = YES;
				CLANG_WARN_BLOCK_CAPTURE_AUTORELEASING = YES;
				CLANG_WARN_BOOL_CONVERSION = YES;
				CLANG_WARN_COMMA = YES;
				CLANG_WARN_CONSTANT_CONVERSION = YES;
				CLANG_WARN_DEPRECATED_OBJC_IMPLEMENTATIONS = YES;
				CLANG_WARN_DIRECT_OBJC_ISA_USAGE = YES_ERROR;
				CLANG_WARN_DOCUMENTATION_COMMENTS = YES;
				CLANG_WARN_EMPTY_BODY = YES;
				CLANG_WARN_ENUM_CONVERSION = YES;
				CLANG_WARN_INFINITE_RECURSION = YES;
				CLANG_WARN_INT_CONVERSION = YES;
				CLANG_WARN_NON_LITERAL_NULL_CONVERSION = YES;
				CLANG_WARN_OBJC_IMPLICIT_RETAIN_SELF = YES;
				CLANG_WARN_OBJC_LITERAL_CONVERSION = YES;
				CLANG_WARN_OBJC_ROOT_CLASS = YES_ERROR;
				CLANG_WARN_RANGE_LOOP_ANALYSIS = YES;
				CLANG_WARN_STRICT_PROTOTYPES = YES;
				CLANG_WARN_SUSPICIOUS_MOVE = YES;
				CLANG_WARN_UNGUARDED_AVAILABILITY = YES_AGGRESSIVE;
				CLANG_WARN_UNREACHABLE_CODE = YES;
				CLANG_WARN__DUPLICATE_METHOD_MATCH = YES;
				COPY_PHASE_STRIP = NO;
				DEBUG_INFORMATION_FORMAT = dwarf;
				ENABLE_STRICT_OBJC_MSGSEND = YES;
				ENABLE_TESTABILITY = YES;
				GCC_C_LANGUAGE_STANDARD = gnu11;
				GCC_DYNAMIC_NO_PIC = NO;
				GCC_NO_COMMON_BLOCKS = YES;
				GCC_OPTIMIZATION_LEVEL = 0;
				GCC_PREPROCESSOR_DEFINITIONS = (
					"DEBUG=1",
					"$(inherited)",
				);
				GCC_WARN_64_TO_32_BIT_CONVERSION = YES;
				GCC_WARN_ABOUT_RETURN_TYPE = YES_ERROR;
				GCC_WARN_UNDECLARED_SELECTOR = YES;
				GCC_WARN_UNINITIALIZED_AUTOS = YES_AGGRESSIVE;
				GCC_WARN_UNUSED_FUNCTION = YES;
				GCC_WARN_UNUSED_VARIABLE = YES;
				IPHONEOS_DEPLOYMENT_TARGET = 13.4;
				MTL_ENABLE_DEBUG_INFO = INCLUDE_SOURCE;
				MTL_FAST_MATH = YES;
				ONLY_ACTIVE_ARCH = YES;
				SDKROOT = iphoneos;
				SWIFT_ACTIVE_COMPILATION_CONDITIONS = DEBUG;
				SWIFT_OPTIMIZATION_LEVEL = "-Onone";
			};
			name = Debug;
		};
		E62DED33244091890034D701 /* Release */ = {
			isa = XCBuildConfiguration;
			buildSettings = {
				ALWAYS_SEARCH_USER_PATHS = NO;
				CLANG_ANALYZER_NONNULL = YES;
				CLANG_ANALYZER_NUMBER_OBJECT_CONVERSION = YES_AGGRESSIVE;
				CLANG_CXX_LANGUAGE_STANDARD = "gnu++14";
				CLANG_CXX_LIBRARY = "libc++";
				CLANG_ENABLE_MODULES = YES;
				CLANG_ENABLE_OBJC_ARC = YES;
				CLANG_ENABLE_OBJC_WEAK = YES;
				CLANG_WARN_BLOCK_CAPTURE_AUTORELEASING = YES;
				CLANG_WARN_BOOL_CONVERSION = YES;
				CLANG_WARN_COMMA = YES;
				CLANG_WARN_CONSTANT_CONVERSION = YES;
				CLANG_WARN_DEPRECATED_OBJC_IMPLEMENTATIONS = YES;
				CLANG_WARN_DIRECT_OBJC_ISA_USAGE = YES_ERROR;
				CLANG_WARN_DOCUMENTATION_COMMENTS = YES;
				CLANG_WARN_EMPTY_BODY = YES;
				CLANG_WARN_ENUM_CONVERSION = YES;
				CLANG_WARN_INFINITE_RECURSION = YES;
				CLANG_WARN_INT_CONVERSION = YES;
				CLANG_WARN_NON_LITERAL_NULL_CONVERSION = YES;
				CLANG_WARN_OBJC_IMPLICIT_RETAIN_SELF = YES;
				CLANG_WARN_OBJC_LITERAL_CONVERSION = YES;
				CLANG_WARN_OBJC_ROOT_CLASS = YES_ERROR;
				CLANG_WARN_RANGE_LOOP_ANALYSIS = YES;
				CLANG_WARN_STRICT_PROTOTYPES = YES;
				CLANG_WARN_SUSPICIOUS_MOVE = YES;
				CLANG_WARN_UNGUARDED_AVAILABILITY = YES_AGGRESSIVE;
				CLANG_WARN_UNREACHABLE_CODE = YES;
				CLANG_WARN__DUPLICATE_METHOD_MATCH = YES;
				COPY_PHASE_STRIP = NO;
				DEBUG_INFORMATION_FORMAT = "dwarf-with-dsym";
				ENABLE_NS_ASSERTIONS = NO;
				ENABLE_STRICT_OBJC_MSGSEND = YES;
				GCC_C_LANGUAGE_STANDARD = gnu11;
				GCC_NO_COMMON_BLOCKS = YES;
				GCC_WARN_64_TO_32_BIT_CONVERSION = YES;
				GCC_WARN_ABOUT_RETURN_TYPE = YES_ERROR;
				GCC_WARN_UNDECLARED_SELECTOR = YES;
				GCC_WARN_UNINITIALIZED_AUTOS = YES_AGGRESSIVE;
				GCC_WARN_UNUSED_FUNCTION = YES;
				GCC_WARN_UNUSED_VARIABLE = YES;
				IPHONEOS_DEPLOYMENT_TARGET = 13.4;
				MTL_ENABLE_DEBUG_INFO = NO;
				MTL_FAST_MATH = YES;
				SDKROOT = iphoneos;
				SWIFT_COMPILATION_MODE = wholemodule;
				SWIFT_OPTIMIZATION_LEVEL = "-O";
				VALIDATE_PRODUCT = YES;
			};
			name = Release;
		};
		E62DED35244091890034D701 /* Debug */ = {
			isa = XCBuildConfiguration;
			buildSettings = {
				ASSETCATALOG_COMPILER_APPICON_NAME = "AppIcon-1";
				CODE_SIGN_STYLE = Automatic;
				DEVELOPMENT_TEAM = B4Q5SFCC38;
				INFOPLIST_FILE = "Arsa MC1/Info.plist";
				IPHONEOS_DEPLOYMENT_TARGET = 13.0;
				LD_RUNPATH_SEARCH_PATHS = (
					"$(inherited)",
					"@executable_path/Frameworks",
				);
				PRODUCT_BUNDLE_IDENTIFIER = "AppleDeveloperAcademyBinus.Arsa-MC1";
				PRODUCT_NAME = "$(TARGET_NAME)";
				SWIFT_VERSION = 5.0;
				TARGETED_DEVICE_FAMILY = "1,2";
			};
			name = Debug;
		};
		E62DED36244091890034D701 /* Release */ = {
			isa = XCBuildConfiguration;
			buildSettings = {
				ASSETCATALOG_COMPILER_APPICON_NAME = "AppIcon-1";
				CODE_SIGN_STYLE = Automatic;
				DEVELOPMENT_TEAM = B4Q5SFCC38;
				INFOPLIST_FILE = "Arsa MC1/Info.plist";
				IPHONEOS_DEPLOYMENT_TARGET = 13.0;
				LD_RUNPATH_SEARCH_PATHS = (
					"$(inherited)",
					"@executable_path/Frameworks",
				);
				PRODUCT_BUNDLE_IDENTIFIER = "AppleDeveloperAcademyBinus.Arsa-MC1";
				PRODUCT_NAME = "$(TARGET_NAME)";
				SWIFT_VERSION = 5.0;
				TARGETED_DEVICE_FAMILY = "1,2";
			};
			name = Release;
		};
/* End XCBuildConfiguration section */

/* Begin XCConfigurationList section */
		E62DED1B244091890034D701 /* Build configuration list for PBXProject "Arsa MC1" */ = {
			isa = XCConfigurationList;
			buildConfigurations = (
				E62DED32244091890034D701 /* Debug */,
				E62DED33244091890034D701 /* Release */,
			);
			defaultConfigurationIsVisible = 0;
			defaultConfigurationName = Release;
		};
		E62DED34244091890034D701 /* Build configuration list for PBXNativeTarget "Arsa MC1" */ = {
			isa = XCConfigurationList;
			buildConfigurations = (
				E62DED35244091890034D701 /* Debug */,
				E62DED36244091890034D701 /* Release */,
			);
			defaultConfigurationIsVisible = 0;
			defaultConfigurationName = Release;
		};
/* End XCConfigurationList section */
	};
	rootObject = E62DED18244091890034D701 /* Project object */;
}
